// !$*UTF8*$!
{
	archiveVersion = 1;
	classes = {
	};
	objectVersion = 50;
	objects = {

/* Begin PBXBuildFile section */
		AA229631214A8E7E0069152B /* main.m in Sources */ = {isa = PBXBuildFile; fileRef = AA229630214A8E7E0069152B /* main.m */; };
		AA22963B214A8FDA0069152B /* AuditingInvoker.m in Sources */ = {isa = PBXBuildFile; fileRef = AA22963A214A8FDA0069152B /* AuditingInvoker.m */; };
		AA5B38A2215CF514006D58B2 /* AspectProxy.m in Sources */ = {isa = PBXBuildFile; fileRef = AA5B38A1215CF514006D58B2 /* AspectProxy.m */; };
		AA5B38A5215CFE5A006D58B2 /* Calculator.m in Sources */ = {isa = PBXBuildFile; fileRef = AA5B38A4215CFE5A006D58B2 /* Calculator.m */; };
		AA5B38A9215F8C8E006D58B2 /* NSArray+Random.m in Sources */ = {isa = PBXBuildFile; fileRef = AA5B38A8215F8C8E006D58B2 /* NSArray+Random.m */; };
/* End PBXBuildFile section */

/* Begin PBXCopyFilesBuildPhase section */
		AA22962B214A8E7E0069152B /* CopyFiles */ = {
			isa = PBXCopyFilesBuildPhase;
			buildActionMask = 2147483647;
			dstPath = /usr/share/man/man1/;
			dstSubfolderSpec = 0;
			files = (
			);
			runOnlyForDeploymentPostprocessing = 1;
		};
/* End PBXCopyFilesBuildPhase section */

/* Begin PBXFileReference section */
		AA22962D214A8E7E0069152B /* AspectProxy */ = {isa = PBXFileReference; explicitFileType = "compiled.mach-o.executable"; includeInIndex = 0; path = AspectProxy; sourceTree = BUILT_PRODUCTS_DIR; };
		AA229630214A8E7E0069152B /* main.m */ = {isa = PBXFileReference; lastKnownFileType = sourcecode.c.objc; path = main.m; sourceTree = "<group>"; };
		AA229638214A8EEC0069152B /* Invoker.h */ = {isa = PBXFileReference; lastKnownFileType = sourcecode.c.h; path = Invoker.h; sourceTree = "<group>"; };
		AA229639214A8FDA0069152B /* AuditingInvoker.h */ = {isa = PBXFileReference; lastKnownFileType = sourcecode.c.h; path = AuditingInvoker.h; sourceTree = "<group>"; };
		AA22963A214A8FDA0069152B /* AuditingInvoker.m */ = {isa = PBXFileReference; lastKnownFileType = sourcecode.c.objc; path = AuditingInvoker.m; sourceTree = "<group>"; };
		AA5B38A0215CF514006D58B2 /* AspectProxy.h */ = {isa = PBXFileReference; lastKnownFileType = sourcecode.c.h; path = AspectProxy.h; sourceTree = "<group>"; };
		AA5B38A1215CF514006D58B2 /* AspectProxy.m */ = {isa = PBXFileReference; lastKnownFileType = sourcecode.c.objc; path = AspectProxy.m; sourceTree = "<group>"; };
		AA5B38A3215CFE5A006D58B2 /* Calculator.h */ = {isa = PBXFileReference; lastKnownFileType = sourcecode.c.h; path = Calculator.h; sourceTree = "<group>"; };
		AA5B38A4215CFE5A006D58B2 /* Calculator.m */ = {isa = PBXFileReference; lastKnownFileType = sourcecode.c.objc; path = Calculator.m; sourceTree = "<group>"; };
		AA5B38A7215F8C8E006D58B2 /* NSArray+Random.h */ = {isa = PBXFileReference; lastKnownFileType = sourcecode.c.h; path = "NSArray+Random.h"; sourceTree = "<group>"; };
		AA5B38A8215F8C8E006D58B2 /* NSArray+Random.m */ = {isa = PBXFileReference; lastKnownFileType = sourcecode.c.objc; path = "NSArray+Random.m"; sourceTree = "<group>"; };
/* End PBXFileReference section */

/* Begin PBXFrameworksBuildPhase section */
		AA22962A214A8E7E0069152B /* Frameworks */ = {
			isa = PBXFrameworksBuildPhase;
			buildActionMask = 2147483647;
			files = (
			);
			runOnlyForDeploymentPostprocessing = 0;
		};
/* End PBXFrameworksBuildPhase section */

/* Begin PBXGroup section */
		AA229624214A8E7E0069152B = {
			isa = PBXGroup;
			children = (
				AA22962F214A8E7E0069152B /* AspectProxy */,
				AA22962E214A8E7E0069152B /* Products */,
			);
			sourceTree = "<group>";
		};
		AA22962E214A8E7E0069152B /* Products */ = {
			isa = PBXGroup;
			children = (
				AA22962D214A8E7E0069152B /* AspectProxy */,
			);
			name = Products;
			sourceTree = "<group>";
		};
		AA22962F214A8E7E0069152B /* AspectProxy */ = {
			isa = PBXGroup;
			children = (
				AA229630214A8E7E0069152B /* main.m */,
				AA229638214A8EEC0069152B /* Invoker.h */,
				AA229639214A8FDA0069152B /* AuditingInvoker.h */,
				AA22963A214A8FDA0069152B /* AuditingInvoker.m */,
				AA5B38A0215CF514006D58B2 /* AspectProxy.h */,
				AA5B38A1215CF514006D58B2 /* AspectProxy.m */,
				AA5B38A3215CFE5A006D58B2 /* Calculator.h */,
				AA5B38A4215CFE5A006D58B2 /* Calculator.m */,
				AA5B38A7215F8C8E006D58B2 /* NSArray+Random.h */,
				AA5B38A8215F8C8E006D58B2 /* NSArray+Random.m */,
			);
			path = AspectProxy;
			sourceTree = "<group>";
		};
/* End PBXGroup section */

/* Begin PBXNativeTarget section */
		AA22962C214A8E7E0069152B /* AspectProxy */ = {
			isa = PBXNativeTarget;
			buildConfigurationList = AA229634214A8E7E0069152B /* Build configuration list for PBXNativeTarget "AspectProxy" */;
			buildPhases = (
				AA229629214A8E7E0069152B /* Sources */,
				AA22962A214A8E7E0069152B /* Frameworks */,
				AA22962B214A8E7E0069152B /* CopyFiles */,
			);
			buildRules = (
			);
			dependencies = (
			);
			name = AspectProxy;
			productName = AspectProxy;
			productReference = AA22962D214A8E7E0069152B /* AspectProxy */;
			productType = "com.apple.product-type.tool";
		};
/* End PBXNativeTarget section */

/* Begin PBXProject section */
		AA229625214A8E7E0069152B /* Project object */ = {
			isa = PBXProject;
			attributes = {
				LastUpgradeCheck = 0940;
				ORGANIZATIONNAME = "唐仁于";
				TargetAttributes = {
					AA22962C214A8E7E0069152B = {
						CreatedOnToolsVersion = 9.4.1;
					};
				};
			};
			buildConfigurationList = AA229628214A8E7E0069152B /* Build configuration list for PBXProject "AspectProxy" */;
			compatibilityVersion = "Xcode 9.3";
			developmentRegion = en;
			hasScannedForEncodings = 0;
			knownRegions = (
				en,
			);
			mainGroup = AA229624214A8E7E0069152B;
			productRefGroup = AA22962E214A8E7E0069152B /* Products */;
			projectDirPath = "";
			projectRoot = "";
			targets = (
				AA22962C214A8E7E0069152B /* AspectProxy */,
			);
		};
/* End PBXProject section */

/* Begin PBXSourcesBuildPhase section */
		AA229629214A8E7E0069152B /* Sources */ = {
			isa = PBXSourcesBuildPhase;
			buildActionMask = 2147483647;
			files = (
				AA229631214A8E7E0069152B /* main.m in Sources */,
				AA5B38A5215CFE5A006D58B2 /* Calculator.m in Sources */,
				AA22963B214A8FDA0069152B /* AuditingInvoker.m in Sources */,
				AA5B38A9215F8C8E006D58B2 /* NSArray+Random.m in Sources */,
				AA5B38A2215CF514006D58B2 /* AspectProxy.m in Sources */,
			);
			runOnlyForDeploymentPostprocessing = 0;
		};
/* End PBXSourcesBuildPhase section */

/* Begin XCBuildConfiguration section */
		AA229632214A8E7E0069152B /* Debug */ = {
			isa = XCBuildConfiguration;
			buildSettings = {
				ALWAYS_SEARCH_USER_PATHS = NO;
				CLANG_ANALYZER_NONNULL = YES;
				CLANG_ANALYZER_NUMBER_OBJECT_CONVERSION = YES_AGGRESSIVE;
				CLANG_CXX_LANGUAGE_STANDARD = "gnu++14";
				CLANG_CXX_LIBRARY = "libc++";
				CLANG_ENABLE_MODULES = YES;
				CLANG_ENABLE_OBJC_ARC = YES;
				CLANG_ENABLE_OBJC_WEAK = YES;
				CLANG_WARN_BLOCK_CAPTURE_AUTORELEASING = YES;
				CLANG_WARN_BOOL_CONVERSION = YES;
				CLANG_WARN_COMMA = YES;
				CLANG_WARN_CONSTANT_CONVERSION = YES;
				CLANG_WARN_DEPRECATED_OBJC_IMPLEMENTATIONS = YES;
				CLANG_WARN_DIRECT_OBJC_ISA_USAGE = YES_ERROR;
				CLANG_WARN_DOCUMENTATION_COMMENTS = YES;
				CLANG_WARN_EMPTY_BODY = YES;
				CLANG_WARN_ENUM_CONVERSION = YES;
				CLANG_WARN_INFINITE_RECURSION = YES;
				CLANG_WARN_INT_CONVERSION = YES;
				CLANG_WARN_NON_LITERAL_NULL_CONVERSION = YES;
				CLANG_WARN_OBJC_IMPLICIT_RETAIN_SELF = YES;
				CLANG_WARN_OBJC_LITERAL_CONVERSION = YES;
				CLANG_WARN_OBJC_ROOT_CLASS = YES_ERROR;
				CLANG_WARN_RANGE_LOOP_ANALYSIS = YES;
				CLANG_WARN_STRICT_PROTOTYPES = YES;
				CLANG_WARN_SUSPICIOUS_MOVE = YES;
				CLANG_WARN_UNGUARDED_AVAILABILITY = YES_AGGRESSIVE;
				CLANG_WARN_UNREACHABLE_CODE = YES;
				CLANG_WARN__DUPLICATE_METHOD_MATCH = YES;
				CODE_SIGN_IDENTITY = "Mac Developer";
				COPY_PHASE_STRIP = NO;
				DEBUG_INFORMATION_FORMAT = dwarf;
				ENABLE_STRICT_OBJC_MSGSEND = YES;
				ENABLE_TESTABILITY = YES;
				GCC_C_LANGUAGE_STANDARD = gnu11;
				GCC_DYNAMIC_NO_PIC = NO;
				GCC_NO_COMMON_BLOCKS = YES;
				GCC_OPTIMIZATION_LEVEL = 0;
				GCC_PREPROCESSOR_DEFINITIONS = (
					"DEBUG=1",
					"$(inherited)",
				);
				GCC_WARN_64_TO_32_BIT_CONVERSION = YES;
				GCC_WARN_ABOUT_RETURN_TYPE = YES_ERROR;
				GCC_WARN_UNDECLARED_SELECTOR = YES;
				GCC_WARN_UNINITIALIZED_AUTOS = YES_AGGRESSIVE;
				GCC_WARN_UNUSED_FUNCTION = YES;
				GCC_WARN_UNUSED_VARIABLE = YES;
				MACOSX_DEPLOYMENT_TARGET = 10.14;
				MTL_ENABLE_DEBUG_INFO = YES;
				ONLY_ACTIVE_ARCH = YES;
				SDKROOT = macosx;
			};
			name = Debug;
		};
		AA229633214A8E7E0069152B /* Release */ = {
			isa = XCBuildConfiguration;
			buildSettings = {
				ALWAYS_SEARCH_USER_PATHS = NO;
				CLANG_ANALYZER_NONNULL = YES;
				CLANG_ANALYZER_NUMBER_OBJECT_CONVERSION = YES_AGGRESSIVE;
				CLANG_CXX_LANGUAGE_STANDARD = "gnu++14";
				CLANG_CXX_LIBRARY = "libc++";
				CLANG_ENABLE_MODULES = YES;
				CLANG_ENABLE_OBJC_ARC = YES;
				CLANG_ENABLE_OBJC_WEAK = YES;
				CLANG_WARN_BLOCK_CAPTURE_AUTORELEASING = YES;
				CLANG_WARN_BOOL_CONVERSION = YES;
				CLANG_WARN_COMMA = YES;
				CLANG_WARN_CONSTANT_CONVERSION = YES;
				CLANG_WARN_DEPRECATED_OBJC_IMPLEMENTATIONS = YES;
				CLANG_WARN_DIRECT_OBJC_ISA_USAGE = YES_ERROR;
				CLANG_WARN_DOCUMENTATION_COMMENTS = YES;
				CLANG_WARN_EMPTY_BODY = YES;
				CLANG_WARN_ENUM_CONVERSION = YES;
				CLANG_WARN_INFINITE_RECURSION = YES;
				CLANG_WARN_INT_CONVERSION = YES;
				CLANG_WARN_NON_LITERAL_NULL_CONVERSION = YES;
				CLANG_WARN_OBJC_IMPLICIT_RETAIN_SELF = YES;
				CLANG_WARN_OBJC_LITERAL_CONVERSION = YES;
				CLANG_WARN_OBJC_ROOT_CLASS = YES_ERROR;
				CLANG_WARN_RANGE_LOOP_ANALYSIS = YES;
				CLANG_WARN_STRICT_PROTOTYPES = YES;
				CLANG_WARN_SUSPICIOUS_MOVE = YES;
				CLANG_WARN_UNGUARDED_AVAILABILITY = YES_AGGRESSIVE;
				CLANG_WARN_UNREACHABLE_CODE = YES;
				CLANG_WARN__DUPLICATE_METHOD_MATCH = YES;
				CODE_SIGN_IDENTITY = "Mac Developer";
				COPY_PHASE_STRIP = NO;
				DEBUG_INFORMATION_FORMAT = "dwarf-with-dsym";
				ENABLE_NS_ASSERTIONS = NO;
				ENABLE_STRICT_OBJC_MSGSEND = YES;
				GCC_C_LANGUAGE_STANDARD = gnu11;
				GCC_NO_COMMON_BLOCKS = YES;
				GCC_WARN_64_TO_32_BIT_CONVERSION = YES;
				GCC_WARN_ABOUT_RETURN_TYPE = YES_ERROR;
				GCC_WARN_UNDECLARED_SELECTOR = YES;
				GCC_WARN_UNINITIALIZED_AUTOS = YES_AGGRESSIVE;
				GCC_WARN_UNUSED_FUNCTION = YES;
				GCC_WARN_UNUSED_VARIABLE = YES;
				MACOSX_DEPLOYMENT_TARGET = 10.14;
				MTL_ENABLE_DEBUG_INFO = NO;
				SDKROOT = macosx;
			};
			name = Release;
		};
		AA229635214A8E7E0069152B /* Debug */ = {
			isa = XCBuildConfiguration;
			buildSettings = {
				CODE_SIGN_STYLE = Automatic;
				DEVELOPMENT_TEAM = E9KWZY3754;
				PRODUCT_NAME = "$(TARGET_NAME)";
			};
			name = Debug;
		};
		AA229636214A8E7E0069152B /* Release */ = {
			isa = XCBuildConfiguration;
			buildSettings = {
				CODE_SIGN_STYLE = Automatic;
				DEVELOPMENT_TEAM = E9KWZY3754;
				PRODUCT_NAME = "$(TARGET_NAME)";
			};
			name = Release;
		};
/* End XCBuildConfiguration section */

/* Begin XCConfigurationList section */
		AA229628214A8E7E0069152B /* Build configuration list for PBXProject "AspectProxy" */ = {
			isa = XCConfigurationList;
			buildConfigurations = (
				AA229632214A8E7E0069152B /* Debug */,
				AA229633214A8E7E0069152B /* Release */,
			);
			defaultConfigurationIsVisible = 0;
			defaultConfigurationName = Release;
		};
		AA229634214A8E7E0069152B /* Build configuration list for PBXNativeTarget "AspectProxy" */ = {
			isa = XCConfigurationList;
			buildConfigurations = (
				AA229635214A8E7E0069152B /* Debug */,
				AA229636214A8E7E0069152B /* Release */,
			);
			defaultConfigurationIsVisible = 0;
			defaultConfigurationName = Release;
		};
/* End XCConfigurationList section */
	};
	rootObject = AA229625214A8E7E0069152B /* Project object */;
}
